
Microsoft Visual Studio Solution File, Format Version 12.00
# Visual Studio Version 17
VisualStudioVersion = 17.8.34316.72
MinimumVisualStudioVersion = 10.0.40219.1
Project("{FAE04EC0-301F-11D3-BF4B-00C04F79EFBC}") = "SIPServer", "SIPServer\SIPServer.csproj", "{2B2A75A2-FD54-45C6-BA46-E7BE7C5BEC23}"
EndProject
Global
	GlobalSection(SolutionConfigurationPlatforms) = preSolution
		Debug|Any CPU = Debug|Any CPU
		Release|Any CPU = Release|Any CPU
	EndGlobalSection
	GlobalSection(ProjectConfigurationPlatforms) = postSolution
		{2B2A75A2-FD54-45C6-BA46-E7BE7C5BEC23}.Debug|Any CPU.ActiveCfg = Debug|Any CPU
		{2B2A75A2-FD54-45C6-BA46-E7BE7C5BEC23}.Debug|Any CPU.Build.0 = Debug|Any CPU
		{2B2A75A2-FD54-45C6-BA46-E7BE7C5BEC23}.Release|Any CPU.ActiveCfg = Release|Any CPU
		{2B2A75A2-FD54-45C6-BA46-E7BE7C5BEC23}.Release|Any CPU.Build.0 = Release|Any CPU
	EndGlobalSection
	GlobalSection(SolutionProperties) = preSolution
		HideSolutionNode = FALSE
	EndGlobalSection
	GlobalSection(ExtensibilityGlobals) = postSolution
		SolutionGuid = {12403B1C-73E8-489D-95F8-27875C8F1BA0}
	EndGlobalSection
EndGlobal
